// !$*UTF8*$!
{
	archiveVersion = 1;
	classes = {
	};
	objectVersion = 50;
	objects = {

/* Begin PBXBuildFile section */
		CA2BC6AB21F229F4000903CB /* AppDelegate.swift in Sources */ = {isa = PBXBuildFile; fileRef = CA2BC6AA21F229F4000903CB /* AppDelegate.swift */; };
		CA2BC6AD21F229F4000903CB /* MainViewController.swift in Sources */ = {isa = PBXBuildFile; fileRef = CA2BC6AC21F229F4000903CB /* MainViewController.swift */; };
		CA2BC6B021F229F4000903CB /* Main.storyboard in Resources */ = {isa = PBXBuildFile; fileRef = CA2BC6AE21F229F4000903CB /* Main.storyboard */; };
		CA2BC6B221F229F5000903CB /* Assets.xcassets in Resources */ = {isa = PBXBuildFile; fileRef = CA2BC6B121F229F5000903CB /* Assets.xcassets */; };
		CA2BC6B521F229F5000903CB /* LaunchScreen.storyboard in Resources */ = {isa = PBXBuildFile; fileRef = CA2BC6B321F229F5000903CB /* LaunchScreen.storyboard */; };
/* End PBXBuildFile section */

/* Begin PBXFileReference section */
		CA2BC6A721F229F4000903CB /* TeamJesseAndAlex.app */ = {isa = PBXFileReference; explicitFileType = wrapper.application; includeInIndex = 0; path = TeamJesseAndAlex.app; sourceTree = BUILT_PRODUCTS_DIR; };
		CA2BC6AA21F229F4000903CB /* AppDelegate.swift */ = {isa = PBXFileReference; lastKnownFileType = sourcecode.swift; path = AppDelegate.swift; sourceTree = "<group>"; };
		CA2BC6AC21F229F4000903CB /* MainViewController.swift */ = {isa = PBXFileReference; lastKnownFileType = sourcecode.swift; path = MainViewController.swift; sourceTree = "<group>"; };
		CA2BC6AF21F229F4000903CB /* Base */ = {isa = PBXFileReference; lastKnownFileType = file.storyboard; name = Base; path = Base.lproj/Main.storyboard; sourceTree = "<group>"; };
		CA2BC6B121F229F5000903CB /* Assets.xcassets */ = {isa = PBXFileReference; lastKnownFileType = folder.assetcatalog; path = Assets.xcassets; sourceTree = "<group>"; };
		CA2BC6B421F229F5000903CB /* Base */ = {isa = PBXFileReference; lastKnownFileType = file.storyboard; name = Base; path = Base.lproj/LaunchScreen.storyboard; sourceTree = "<group>"; };
		CA2BC6B621F229F5000903CB /* Info.plist */ = {isa = PBXFileReference; lastKnownFileType = text.plist.xml; path = Info.plist; sourceTree = "<group>"; };
/* End PBXFileReference section */

/* Begin PBXFrameworksBuildPhase section */
		CA2BC6A421F229F4000903CB /* Frameworks */ = {
			isa = PBXFrameworksBuildPhase;
			buildActionMask = 2147483647;
			files = (
			);
			runOnlyForDeploymentPostprocessing = 0;
		};
/* End PBXFrameworksBuildPhase section */

/* Begin PBXGroup section */
		CA2BC69E21F229F4000903CB = {
			isa = PBXGroup;
			children = (
				CA2BC6A921F229F4000903CB /* TeamJesseAndAlex */,
				CA2BC6A821F229F4000903CB /* Products */,
			);
			sourceTree = "<group>";
		};
		CA2BC6A821F229F4000903CB /* Products */ = {
			isa = PBXGroup;
			children = (
				CA2BC6A721F229F4000903CB /* TeamJesseAndAlex.app */,
			);
			name = Products;
			sourceTree = "<group>";
		};
		CA2BC6A921F229F4000903CB /* TeamJesseAndAlex */ = {
			isa = PBXGroup;
			children = (
				CA2BC6AA21F229F4000903CB /* AppDelegate.swift */,
				CA2BC6AC21F229F4000903CB /* MainViewController.swift */,
				CA2BC6AE21F229F4000903CB /* Main.storyboard */,
				CA2BC6B121F229F5000903CB /* Assets.xcassets */,
				CA2BC6B321F229F5000903CB /* LaunchScreen.storyboard */,
				CA2BC6B621F229F5000903CB /* Info.plist */,
			);
			path = TeamJesseAndAlex;
			sourceTree = "<group>";
		};
/* End PBXGroup section */

/* Begin PBXNativeTarget section */
		CA2BC6A621F229F4000903CB /* TeamJesseAndAlex */ = {
			isa = PBXNativeTarget;
			buildConfigurationList = CA2BC6B921F229F5000903CB /* Build configuration list for PBXNativeTarget "TeamJesseAndAlex" */;
			buildPhases = (
				CA2BC6A321F229F4000903CB /* Sources */,
				CA2BC6A421F229F4000903CB /* Frameworks */,
				CA2BC6A521F229F4000903CB /* Resources */,
			);
			buildRules = (
			);
			dependencies = (
			);
			name = TeamJesseAndAlex;
			productName = TeamJesseAndAlex;
			productReference = CA2BC6A721F229F4000903CB /* TeamJesseAndAlex.app */;
			productType = "com.apple.product-type.application";
		};
/* End PBXNativeTarget section */

/* Begin PBXProject section */
		CA2BC69F21F229F4000903CB /* Project object */ = {
			isa = PBXProject;
			attributes = {
				LastSwiftUpdateCheck = 1010;
				LastUpgradeCheck = 1010;
				ORGANIZATIONNAME = "TOM Vanderbilt 2019";
				TargetAttributes = {
					CA2BC6A621F229F4000903CB = {
						CreatedOnToolsVersion = 10.1;
					};
				};
			};
			buildConfigurationList = CA2BC6A221F229F4000903CB /* Build configuration list for PBXProject "TeamJesseAndAlex" */;
			compatibilityVersion = "Xcode 9.3";
			developmentRegion = en;
			hasScannedForEncodings = 0;
			knownRegions = (
				en,
				Base,
			);
			mainGroup = CA2BC69E21F229F4000903CB;
			productRefGroup = CA2BC6A821F229F4000903CB /* Products */;
			projectDirPath = "";
			projectRoot = "";
			targets = (
				CA2BC6A621F229F4000903CB /* TeamJesseAndAlex */,
			);
		};
/* End PBXProject section */

/* Begin PBXResourcesBuildPhase section */
		CA2BC6A521F229F4000903CB /* Resources */ = {
			isa = PBXResourcesBuildPhase;
			buildActionMask = 2147483647;
			files = (
				CA2BC6B521F229F5000903CB /* LaunchScreen.storyboard in Resources */,
				CA2BC6B221F229F5000903CB /* Assets.xcassets in Resources */,
				CA2BC6B021F229F4000903CB /* Main.storyboard in Resources */,
			);
			runOnlyForDeploymentPostprocessing = 0;
		};
/* End PBXResourcesBuildPhase section */

/* Begin PBXSourcesBuildPhase section */
		CA2BC6A321F229F4000903CB /* Sources */ = {
			isa = PBXSourcesBuildPhase;
			buildActionMask = 2147483647;
			files = (
				CA2BC6AD21F229F4000903CB /* MainViewController.swift in Sources */,
				CA2BC6AB21F229F4000903CB /* AppDelegate.swift in Sources */,
			);
			runOnlyForDeploymentPostprocessing = 0;
		};
/* End PBXSourcesBuildPhase section */

/* Begin PBXVariantGroup section */
		CA2BC6AE21F229F4000903CB /* Main.storyboard */ = {
			isa = PBXVariantGroup;
			children = (
				CA2BC6AF21F229F4000903CB /* Base */,
			);
			name = Main.storyboard;
			sourceTree = "<group>";
		};
		CA2BC6B321F229F5000903CB /* LaunchScreen.storyboard */ = {
			isa = PBXVariantGroup;
			children = (
				CA2BC6B421F229F5000903CB /* Base */,
			);
			name = LaunchScreen.storyboard;
			sourceTree = "<group>";
		};
/* End PBXVariantGroup section */

/* Begin XCBuildConfiguration section */
		CA2BC6B721F229F5000903CB /* Debug */ = {
			isa = XCBuildConfiguration;
			buildSettings = {
				ALWAYS_SEARCH_USER_PATHS = NO;
				CLANG_ANALYZER_NONNULL = YES;
				CLANG_ANALYZER_NUMBER_OBJECT_CONVERSION = YES_AGGRESSIVE;
				CLANG_CXX_LANGUAGE_STANDARD = "gnu++14";
				CLANG_CXX_LIBRARY = "libc++";
				CLANG_ENABLE_MODULES = YES;
				CLANG_ENABLE_OBJC_ARC = YES;
				CLANG_ENABLE_OBJC_WEAK = YES;
				CLANG_WARN_BLOCK_CAPTURE_AUTORELEASING = YES;
				CLANG_WARN_BOOL_CONVERSION = YES;
				CLANG_WARN_COMMA = YES;
				CLANG_WARN_CONSTANT_CONVERSION = YES;
				CLANG_WARN_DEPRECATED_OBJC_IMPLEMENTATIONS = YES;
				CLANG_WARN_DIRECT_OBJC_ISA_USAGE = YES_ERROR;
				CLANG_WARN_DOCUMENTATION_COMMENTS = YES;
				CLANG_WARN_EMPTY_BODY = YES;
				CLANG_WARN_ENUM_CONVERSION = YES;
				CLANG_WARN_INFINITE_RECURSION = YES;
				CLANG_WARN_INT_CONVERSION = YES;
				CLANG_WARN_NON_LITERAL_NULL_CONVERSION = YES;
				CLANG_WARN_OBJC_IMPLICIT_RETAIN_SELF = YES;
				CLANG_WARN_OBJC_LITERAL_CONVERSION = YES;
				CLANG_WARN_OBJC_ROOT_CLASS = YES_ERROR;
				CLANG_WARN_RANGE_LOOP_ANALYSIS = YES;
				CLANG_WARN_STRICT_PROTOTYPES = YES;
				CLANG_WARN_SUSPICIOUS_MOVE = YES;
				CLANG_WARN_UNGUARDED_AVAILABILITY = YES_AGGRESSIVE;
				CLANG_WARN_UNREACHABLE_CODE = YES;
				CLANG_WARN__DUPLICATE_METHOD_MATCH = YES;
				CODE_SIGN_IDENTITY = "iPhone Developer";
				COPY_PHASE_STRIP = NO;
				DEBUG_INFORMATION_FORMAT = dwarf;
				ENABLE_STRICT_OBJC_MSGSEND = YES;
				ENABLE_TESTABILITY = YES;
				GCC_C_LANGUAGE_STANDARD = gnu11;
				GCC_DYNAMIC_NO_PIC = NO;
				GCC_NO_COMMON_BLOCKS = YES;
				GCC_OPTIMIZATION_LEVEL = 0;
				GCC_PREPROCESSOR_DEFINITIONS = (
					"DEBUG=1",
					"$(inherited)",
				);
				GCC_WARN_64_TO_32_BIT_CONVERSION = YES;
				GCC_WARN_ABOUT_RETURN_TYPE = YES_ERROR;
				GCC_WARN_UNDECLARED_SELECTOR = YES;
				GCC_WARN_UNINITIALIZED_AUTOS = YES_AGGRESSIVE;
				GCC_WARN_UNUSED_FUNCTION = YES;
				GCC_WARN_UNUSED_VARIABLE = YES;
				IPHONEOS_DEPLOYMENT_TARGET = 12.1;
				MTL_ENABLE_DEBUG_INFO = INCLUDE_SOURCE;
				MTL_FAST_MATH = YES;
				ONLY_ACTIVE_ARCH = YES;
				SDKROOT = iphoneos;
				SWIFT_ACTIVE_COMPILATION_CONDITIONS = DEBUG;
				SWIFT_OPTIMIZATION_LEVEL = "-Onone";
			};
			name = Debug;
		};
		CA2BC6B821F229F5000903CB /* Release */ = {
			isa = XCBuildConfiguration;
			buildSettings = {
				ALWAYS_SEARCH_USER_PATHS = NO;
				CLANG_ANALYZER_NONNULL = YES;
				CLANG_ANALYZER_NUMBER_OBJECT_CONVERSION = YES_AGGRESSIVE;
				CLANG_CXX_LANGUAGE_STANDARD = "gnu++14";
				CLANG_CXX_LIBRARY = "libc++";
				CLANG_ENABLE_MODULES = YES;
				CLANG_ENABLE_OBJC_ARC = YES;
				CLANG_ENABLE_OBJC_WEAK = YES;
				CLANG_WARN_BLOCK_CAPTURE_AUTORELEASING = YES;
				CLANG_WARN_BOOL_CONVERSION = YES;
				CLANG_WARN_COMMA = YES;
				CLANG_WARN_CONSTANT_CONVERSION = YES;
				CLANG_WARN_DEPRECATED_OBJC_IMPLEMENTATIONS = YES;
				CLANG_WARN_DIRECT_OBJC_ISA_USAGE = YES_ERROR;
				CLANG_WARN_DOCUMENTATION_COMMENTS = YES;
				CLANG_WARN_EMPTY_BODY = YES;
				CLANG_WARN_ENUM_CONVERSION = YES;
				CLANG_WARN_INFINITE_RECURSION = YES;
				CLANG_WARN_INT_CONVERSION = YES;
				CLANG_WARN_NON_LITERAL_NULL_CONVERSION = YES;
				CLANG_WARN_OBJC_IMPLICIT_RETAIN_SELF = YES;
				CLANG_WARN_OBJC_LITERAL_CONVERSION = YES;
				CLANG_WARN_OBJC_ROOT_CLASS = YES_ERROR;
				CLANG_WARN_RANGE_LOOP_ANALYSIS = YES;
				CLANG_WARN_STRICT_PROTOTYPES = YES;
				CLANG_WARN_SUSPICIOUS_MOVE = YES;
				CLANG_WARN_UNGUARDED_AVAILABILITY = YES_AGGRESSIVE;
				CLANG_WARN_UNREACHABLE_CODE = YES;
				CLANG_WARN__DUPLICATE_METHOD_MATCH = YES;
				CODE_SIGN_IDENTITY = "iPhone Developer";
				COPY_PHASE_STRIP = NO;
				DEBUG_INFORMATION_FORMAT = "dwarf-with-dsym";
				ENABLE_NS_ASSERTIONS = NO;
				ENABLE_STRICT_OBJC_MSGSEND = YES;
				GCC_C_LANGUAGE_STANDARD = gnu11;
				GCC_NO_COMMON_BLOCKS = YES;
				GCC_WARN_64_TO_32_BIT_CONVERSION = YES;
				GCC_WARN_ABOUT_RETURN_TYPE = YES_ERROR;
				GCC_WARN_UNDECLARED_SELECTOR = YES;
				GCC_WARN_UNINITIALIZED_AUTOS = YES_AGGRESSIVE;
				GCC_WARN_UNUSED_FUNCTION = YES;
				GCC_WARN_UNUSED_VARIABLE = YES;
				IPHONEOS_DEPLOYMENT_TARGET = 12.1;
				MTL_ENABLE_DEBUG_INFO = NO;
				MTL_FAST_MATH = YES;
				SDKROOT = iphoneos;
				SWIFT_COMPILATION_MODE = wholemodule;
				SWIFT_OPTIMIZATION_LEVEL = "-O";
				VALIDATE_PRODUCT = YES;
			};
			name = Release;
		};
		CA2BC6BA21F229F5000903CB /* Debug */ = {
			isa = XCBuildConfiguration;
			buildSettings = {
				ASSETCATALOG_COMPILER_APPICON_NAME = AppIcon;
				CODE_SIGN_STYLE = Automatic;
				DEVELOPMENT_TEAM = PYCR875JNZ;
				INFOPLIST_FILE = TeamJesseAndAlex/Info.plist;
				LD_RUNPATH_SEARCH_PATHS = (
					"$(inherited)",
					"@executable_path/Frameworks",
				);
				PRODUCT_BUNDLE_IDENTIFIER = tom.vanderbilt.TeamJesseAndAlex;
				PRODUCT_NAME = "$(TARGET_NAME)";
				SWIFT_VERSION = 4.2;
				TARGETED_DEVICE_FAMILY = "1,2";
			};
			name = Debug;
		};
		CA2BC6BB21F229F5000903CB /* Release */ = {
			isa = XCBuildConfiguration;
			buildSettings = {
				ASSETCATALOG_COMPILER_APPICON_NAME = AppIcon;
				CODE_SIGN_STYLE = Automatic;
				DEVELOPMENT_TEAM = PYCR875JNZ;
				INFOPLIST_FILE = TeamJesseAndAlex/Info.plist;
				LD_RUNPATH_SEARCH_PATHS = (
					"$(inherited)",
					"@executable_path/Frameworks",
				);
				PRODUCT_BUNDLE_IDENTIFIER = tom.vanderbilt.TeamJesseAndAlex;
				PRODUCT_NAME = "$(TARGET_NAME)";
				SWIFT_VERSION = 4.2;
				TARGETED_DEVICE_FAMILY = "1,2";
			};
			name = Release;
		};
/* End XCBuildConfiguration section */

/* Begin XCConfigurationList section */
		CA2BC6A221F229F4000903CB /* Build configuration list for PBXProject "TeamJesseAndAlex" */ = {
			isa = XCConfigurationList;
			buildConfigurations = (
				CA2BC6B721F229F5000903CB /* Debug */,
				CA2BC6B821F229F5000903CB /* Release */,
			);
			defaultConfigurationIsVisible = 0;
			defaultConfigurationName = Release;
		};
		CA2BC6B921F229F5000903CB /* Build configuration list for PBXNativeTarget "TeamJesseAndAlex" */ = {
			isa = XCConfigurationList;
			buildConfigurations = (
				CA2BC6BA21F229F5000903CB /* Debug */,
				CA2BC6BB21F229F5000903CB /* Release */,
			);
			defaultConfigurationIsVisible = 0;
			defaultConfigurationName = Release;
		};
/* End XCConfigurationList section */
	};
	rootObject = CA2BC69F21F229F4000903CB /* Project object */;
}
